// !$*UTF8*$!
{
	archiveVersion = 1;
	classes = {
	};
	objectVersion = 46;
	objects = {

/* Begin PBXBuildFile section */
		AF22CBCB19829D77002C2D95 /* beep-ping.wav in Resources */ = {isa = PBXBuildFile; fileRef = AF22CBC519829D77002C2D95 /* beep-ping.wav */; };
		AF22CBCC19829D77002C2D95 /* zen-temple-bell.wav in Resources */ = {isa = PBXBuildFile; fileRef = AF22CBC619829D77002C2D95 /* zen-temple-bell.wav */; };
		AF22CBCD19829D77002C2D95 /* doorbell.wav in Resources */ = {isa = PBXBuildFile; fileRef = AF22CBC719829D77002C2D95 /* doorbell.wav */; };
		AF22CBCE19829D77002C2D95 /* ting.wav in Resources */ = {isa = PBXBuildFile; fileRef = AF22CBC819829D77002C2D95 /* ting.wav */; };
		AF22CBCF19829D77002C2D95 /* ship-bell.wav in Resources */ = {isa = PBXBuildFile; fileRef = AF22CBC919829D77002C2D95 /* ship-bell.wav */; };
		AF22CBD019829D77002C2D95 /* gong.wav in Resources */ = {isa = PBXBuildFile; fileRef = AF22CBCA19829D77002C2D95 /* gong.wav */; };
		AF22CBD419831E85002C2D95 /* GuidedMeditation.m in Sources */ = {isa = PBXBuildFile; fileRef = AF22CBD319831E85002C2D95 /* GuidedMeditation.m */; };
		AF22CBD719831E85002C2D95 /* PracticeSession.m in Sources */ = {isa = PBXBuildFile; fileRef = AF22CBD619831E85002C2D95 /* PracticeSession.m */; };
		AF22CBDA19831E85002C2D95 /* Location.m in Sources */ = {isa = PBXBuildFile; fileRef = AF22CBD919831E85002C2D95 /* Location.m */; };
		AF22CBDD19831E85002C2D95 /* MindfulMinuteTemplate.m in Sources */ = {isa = PBXBuildFile; fileRef = AF22CBDC19831E85002C2D95 /* MindfulMinuteTemplate.m */; };
		AF22CBE019831E85002C2D95 /* MindfulMinuteInstance.m in Sources */ = {isa = PBXBuildFile; fileRef = AF22CBDF19831E85002C2D95 /* MindfulMinuteInstance.m */; };
		AF22CBE319831E85002C2D95 /* User.m in Sources */ = {isa = PBXBuildFile; fileRef = AF22CBE219831E85002C2D95 /* User.m */; };
		AF22CBE619831E86002C2D95 /* Course.m in Sources */ = {isa = PBXBuildFile; fileRef = AF22CBE519831E86002C2D95 /* Course.m */; };
		AF22CBE919831E86002C2D95 /* AudioFile.m in Sources */ = {isa = PBXBuildFile; fileRef = AF22CBE819831E86002C2D95 /* AudioFile.m */; };
		AFB7764F197895C1009EC7E4 /* Foundation.framework in Frameworks */ = {isa = PBXBuildFile; fileRef = AFB7764E197895C1009EC7E4 /* Foundation.framework */; };
		AFB77651197895C1009EC7E4 /* CoreGraphics.framework in Frameworks */ = {isa = PBXBuildFile; fileRef = AFB77650197895C1009EC7E4 /* CoreGraphics.framework */; };
		AFB77653197895C1009EC7E4 /* UIKit.framework in Frameworks */ = {isa = PBXBuildFile; fileRef = AFB77652197895C1009EC7E4 /* UIKit.framework */; };
		AFB77659197895C1009EC7E4 /* InfoPlist.strings in Resources */ = {isa = PBXBuildFile; fileRef = AFB77657197895C1009EC7E4 /* InfoPlist.strings */; };
		AFB7765B197895C1009EC7E4 /* main.m in Sources */ = {isa = PBXBuildFile; fileRef = AFB7765A197895C1009EC7E4 /* main.m */; };
		AFB7765F197895C1009EC7E4 /* AppDelegate.m in Sources */ = {isa = PBXBuildFile; fileRef = AFB7765E197895C1009EC7E4 /* AppDelegate.m */; };
		AFB77662197895C1009EC7E4 /* Main.storyboard in Resources */ = {isa = PBXBuildFile; fileRef = AFB77660197895C1009EC7E4 /* Main.storyboard */; };
		AFB77667197895C1009EC7E4 /* Images.xcassets in Resources */ = {isa = PBXBuildFile; fileRef = AFB77666197895C1009EC7E4 /* Images.xcassets */; };
		AFB7766E197895C1009EC7E4 /* XCTest.framework in Frameworks */ = {isa = PBXBuildFile; fileRef = AFB7766D197895C1009EC7E4 /* XCTest.framework */; };
		AFB7766F197895C1009EC7E4 /* Foundation.framework in Frameworks */ = {isa = PBXBuildFile; fileRef = AFB7764E197895C1009EC7E4 /* Foundation.framework */; };
		AFB77670197895C1009EC7E4 /* UIKit.framework in Frameworks */ = {isa = PBXBuildFile; fileRef = AFB77652197895C1009EC7E4 /* UIKit.framework */; };
		AFB77678197895C1009EC7E4 /* InfoPlist.strings in Resources */ = {isa = PBXBuildFile; fileRef = AFB77676197895C1009EC7E4 /* InfoPlist.strings */; };
		AFB7767A197895C1009EC7E4 /* WorkWellTests.m in Sources */ = {isa = PBXBuildFile; fileRef = AFB77679197895C1009EC7E4 /* WorkWellTests.m */; };
		AFB77684197895DC009EC7E4 /* CoreData.framework in Frameworks */ = {isa = PBXBuildFile; fileRef = AFB77683197895DC009EC7E4 /* CoreData.framework */; };
		AFB776881978960D009EC7E4 /* Model.xcdatamodeld in Sources */ = {isa = PBXBuildFile; fileRef = AFB776861978960D009EC7E4 /* Model.xcdatamodeld */; };
		AFB7768C1978A7B3009EC7E4 /* CoreDataHelper.m in Sources */ = {isa = PBXBuildFile; fileRef = AFB7768B1978A7B3009EC7E4 /* CoreDataHelper.m */; };
		AFB77715197988B4009EC7E4 /* CoreDataTVC.m in Sources */ = {isa = PBXBuildFile; fileRef = AFB77714197988B4009EC7E4 /* CoreDataTVC.m */; };
		AFB777191979919B009EC7E4 /* MindfulMinutesTVC.m in Sources */ = {isa = PBXBuildFile; fileRef = AFB777181979919B009EC7E4 /* MindfulMinutesTVC.m */; };
		AFB7771E19799922009EC7E4 /* UsefulFunctions.m in Sources */ = {isa = PBXBuildFile; fileRef = AFB7771D19799922009EC7E4 /* UsefulFunctions.m */; };
		AFB7772A1979ACF9009EC7E4 /* Model4ToModel5.xcmappingmodel in Sources */ = {isa = PBXBuildFile; fileRef = AFB777291979ACF9009EC7E4 /* Model4ToModel5.xcmappingmodel */; };
		AFB777521979ED58009EC7E4 /* MindfulMinuteVC.m in Sources */ = {isa = PBXBuildFile; fileRef = AFB777511979ED58009EC7E4 /* MindfulMinuteVC.m */; };
		AFB77772197B699E009EC7E4 /* tibetan_bell.mp3 in Resources */ = {isa = PBXBuildFile; fileRef = AFB77771197B699E009EC7E4 /* tibetan_bell.mp3 */; };
		AFB777A5197B6BDD009EC7E4 /* Model5ToModel6.xcmappingmodel in Sources */ = {isa = PBXBuildFile; fileRef = AFB777A4197B6BDD009EC7E4 /* Model5ToModel6.xcmappingmodel */; };
/* End PBXBuildFile section */

/* Begin PBXContainerItemProxy section */
		AFB77671197895C1009EC7E4 /* PBXContainerItemProxy */ = {
			isa = PBXContainerItemProxy;
			containerPortal = AFB77643197895C1009EC7E4 /* Project object */;
			proxyType = 1;
			remoteGlobalIDString = AFB7764A197895C1009EC7E4;
			remoteInfo = WorkWell;
		};
/* End PBXContainerItemProxy section */

/* Begin PBXFileReference section */
		AF22CBC519829D77002C2D95 /* beep-ping.wav */ = {isa = PBXFileReference; lastKnownFileType = audio.wav; path = "beep-ping.wav"; sourceTree = "<group>"; };
		AF22CBC619829D77002C2D95 /* zen-temple-bell.wav */ = {isa = PBXFileReference; lastKnownFileType = audio.wav; path = "zen-temple-bell.wav"; sourceTree = "<group>"; };
		AF22CBC719829D77002C2D95 /* doorbell.wav */ = {isa = PBXFileReference; lastKnownFileType = audio.wav; path = doorbell.wav; sourceTree = "<group>"; };
		AF22CBC819829D77002C2D95 /* ting.wav */ = {isa = PBXFileReference; lastKnownFileType = audio.wav; path = ting.wav; sourceTree = "<group>"; };
		AF22CBC919829D77002C2D95 /* ship-bell.wav */ = {isa = PBXFileReference; lastKnownFileType = audio.wav; path = "ship-bell.wav"; sourceTree = "<group>"; };
		AF22CBCA19829D77002C2D95 /* gong.wav */ = {isa = PBXFileReference; lastKnownFileType = audio.wav; path = gong.wav; sourceTree = "<group>"; };
		AF22CBD119831CE7002C2D95 /* Model 7.xcdatamodel */ = {isa = PBXFileReference; lastKnownFileType = wrapper.xcdatamodel; path = "Model 7.xcdatamodel"; sourceTree = "<group>"; };
		AF22CBD219831E85002C2D95 /* GuidedMeditation.h */ = {isa = PBXFileReference; fileEncoding = 4; lastKnownFileType = sourcecode.c.h; path = GuidedMeditation.h; sourceTree = "<group>"; };
		AF22CBD319831E85002C2D95 /* GuidedMeditation.m */ = {isa = PBXFileReference; fileEncoding = 4; lastKnownFileType = sourcecode.c.objc; path = GuidedMeditation.m; sourceTree = "<group>"; };
		AF22CBD519831E85002C2D95 /* PracticeSession.h */ = {isa = PBXFileReference; fileEncoding = 4; lastKnownFileType = sourcecode.c.h; path = PracticeSession.h; sourceTree = "<group>"; };
		AF22CBD619831E85002C2D95 /* PracticeSession.m */ = {isa = PBXFileReference; fileEncoding = 4; lastKnownFileType = sourcecode.c.objc; path = PracticeSession.m; sourceTree = "<group>"; };
		AF22CBD819831E85002C2D95 /* Location.h */ = {isa = PBXFileReference; fileEncoding = 4; lastKnownFileType = sourcecode.c.h; path = Location.h; sourceTree = "<group>"; };
		AF22CBD919831E85002C2D95 /* Location.m */ = {isa = PBXFileReference; fileEncoding = 4; lastKnownFileType = sourcecode.c.objc; path = Location.m; sourceTree = "<group>"; };
		AF22CBDB19831E85002C2D95 /* MindfulMinuteTemplate.h */ = {isa = PBXFileReference; fileEncoding = 4; lastKnownFileType = sourcecode.c.h; path = MindfulMinuteTemplate.h; sourceTree = "<group>"; };
		AF22CBDC19831E85002C2D95 /* MindfulMinuteTemplate.m */ = {isa = PBXFileReference; fileEncoding = 4; lastKnownFileType = sourcecode.c.objc; path = MindfulMinuteTemplate.m; sourceTree = "<group>"; };
		AF22CBDE19831E85002C2D95 /* MindfulMinuteInstance.h */ = {isa = PBXFileReference; fileEncoding = 4; lastKnownFileType = sourcecode.c.h; path = MindfulMinuteInstance.h; sourceTree = "<group>"; };
		AF22CBDF19831E85002C2D95 /* MindfulMinuteInstance.m */ = {isa = PBXFileReference; fileEncoding = 4; lastKnownFileType = sourcecode.c.objc; path = MindfulMinuteInstance.m; sourceTree = "<group>"; };
		AF22CBE119831E85002C2D95 /* User.h */ = {isa = PBXFileReference; fileEncoding = 4; lastKnownFileType = sourcecode.c.h; path = User.h; sourceTree = "<group>"; };
		AF22CBE219831E85002C2D95 /* User.m */ = {isa = PBXFileReference; fileEncoding = 4; lastKnownFileType = sourcecode.c.objc; path = User.m; sourceTree = "<group>"; };
		AF22CBE419831E86002C2D95 /* Course.h */ = {isa = PBXFileReference; fileEncoding = 4; lastKnownFileType = sourcecode.c.h; path = Course.h; sourceTree = "<group>"; };
		AF22CBE519831E86002C2D95 /* Course.m */ = {isa = PBXFileReference; fileEncoding = 4; lastKnownFileType = sourcecode.c.objc; path = Course.m; sourceTree = "<group>"; };
		AF22CBE719831E86002C2D95 /* AudioFile.h */ = {isa = PBXFileReference; fileEncoding = 4; lastKnownFileType = sourcecode.c.h; path = AudioFile.h; sourceTree = "<group>"; };
		AF22CBE819831E86002C2D95 /* AudioFile.m */ = {isa = PBXFileReference; fileEncoding = 4; lastKnownFileType = sourcecode.c.objc; path = AudioFile.m; sourceTree = "<group>"; };
		AFB7764B197895C1009EC7E4 /* WorkWell.app */ = {isa = PBXFileReference; explicitFileType = wrapper.application; includeInIndex = 0; path = WorkWell.app; sourceTree = BUILT_PRODUCTS_DIR; };
		AFB7764E197895C1009EC7E4 /* Foundation.framework */ = {isa = PBXFileReference; lastKnownFileType = wrapper.framework; name = Foundation.framework; path = System/Library/Frameworks/Foundation.framework; sourceTree = SDKROOT; };
		AFB77650197895C1009EC7E4 /* CoreGraphics.framework */ = {isa = PBXFileReference; lastKnownFileType = wrapper.framework; name = CoreGraphics.framework; path = System/Library/Frameworks/CoreGraphics.framework; sourceTree = SDKROOT; };
		AFB77652197895C1009EC7E4 /* UIKit.framework */ = {isa = PBXFileReference; lastKnownFileType = wrapper.framework; name = UIKit.framework; path = System/Library/Frameworks/UIKit.framework; sourceTree = SDKROOT; };
		AFB77656197895C1009EC7E4 /* WorkWell-Info.plist */ = {isa = PBXFileReference; lastKnownFileType = text.plist.xml; path = "WorkWell-Info.plist"; sourceTree = "<group>"; };
		AFB77658197895C1009EC7E4 /* en */ = {isa = PBXFileReference; lastKnownFileType = text.plist.strings; name = en; path = en.lproj/InfoPlist.strings; sourceTree = "<group>"; };
		AFB7765A197895C1009EC7E4 /* main.m */ = {isa = PBXFileReference; lastKnownFileType = sourcecode.c.objc; path = main.m; sourceTree = "<group>"; };
		AFB7765C197895C1009EC7E4 /* WorkWell-Prefix.pch */ = {isa = PBXFileReference; lastKnownFileType = sourcecode.c.h; path = "WorkWell-Prefix.pch"; sourceTree = "<group>"; };
		AFB7765D197895C1009EC7E4 /* AppDelegate.h */ = {isa = PBXFileReference; lastKnownFileType = sourcecode.c.h; path = AppDelegate.h; sourceTree = "<group>"; };
		AFB7765E197895C1009EC7E4 /* AppDelegate.m */ = {isa = PBXFileReference; lastKnownFileType = sourcecode.c.objc; path = AppDelegate.m; sourceTree = "<group>"; };
		AFB77661197895C1009EC7E4 /* Base */ = {isa = PBXFileReference; lastKnownFileType = file.storyboard; name = Base; path = Base.lproj/Main.storyboard; sourceTree = "<group>"; };
		AFB77666197895C1009EC7E4 /* Images.xcassets */ = {isa = PBXFileReference; lastKnownFileType = folder.assetcatalog; path = Images.xcassets; sourceTree = "<group>"; };
		AFB7766C197895C1009EC7E4 /* WorkWellTests.xctest */ = {isa = PBXFileReference; explicitFileType = wrapper.cfbundle; includeInIndex = 0; path = WorkWellTests.xctest; sourceTree = BUILT_PRODUCTS_DIR; };
		AFB7766D197895C1009EC7E4 /* XCTest.framework */ = {isa = PBXFileReference; lastKnownFileType = wrapper.framework; name = XCTest.framework; path = Library/Frameworks/XCTest.framework; sourceTree = DEVELOPER_DIR; };
		AFB77675197895C1009EC7E4 /* WorkWellTests-Info.plist */ = {isa = PBXFileReference; lastKnownFileType = text.plist.xml; path = "WorkWellTests-Info.plist"; sourceTree = "<group>"; };
		AFB77677197895C1009EC7E4 /* en */ = {isa = PBXFileReference; lastKnownFileType = text.plist.strings; name = en; path = en.lproj/InfoPlist.strings; sourceTree = "<group>"; };
		AFB77679197895C1009EC7E4 /* WorkWellTests.m */ = {isa = PBXFileReference; lastKnownFileType = sourcecode.c.objc; path = WorkWellTests.m; sourceTree = "<group>"; };
		AFB77683197895DC009EC7E4 /* CoreData.framework */ = {isa = PBXFileReference; lastKnownFileType = wrapper.framework; name = CoreData.framework; path = System/Library/Frameworks/CoreData.framework; sourceTree = SDKROOT; };
		AFB776871978960D009EC7E4 /* Model.xcdatamodel */ = {isa = PBXFileReference; lastKnownFileType = wrapper.xcdatamodel; path = Model.xcdatamodel; sourceTree = "<group>"; };
		AFB7768A1978A7B3009EC7E4 /* CoreDataHelper.h */ = {isa = PBXFileReference; fileEncoding = 4; lastKnownFileType = sourcecode.c.h; path = CoreDataHelper.h; sourceTree = "<group>"; };
		AFB7768B1978A7B3009EC7E4 /* CoreDataHelper.m */ = {isa = PBXFileReference; fileEncoding = 4; lastKnownFileType = sourcecode.c.objc; path = CoreDataHelper.m; sourceTree = "<group>"; };
		AFB776A21978EF0C009EC7E4 /* Model 2.xcdatamodel */ = {isa = PBXFileReference; lastKnownFileType = wrapper.xcdatamodel; path = "Model 2.xcdatamodel"; sourceTree = "<group>"; };
		AFB776BC19796A77009EC7E4 /* Model 3.xcdatamodel */ = {isa = PBXFileReference; lastKnownFileType = wrapper.xcdatamodel; path = "Model 3.xcdatamodel"; sourceTree = "<group>"; };
		AFB77713197988B4009EC7E4 /* CoreDataTVC.h */ = {isa = PBXFileReference; fileEncoding = 4; lastKnownFileType = sourcecode.c.h; path = CoreDataTVC.h; sourceTree = "<group>"; };
		AFB77714197988B4009EC7E4 /* CoreDataTVC.m */ = {isa = PBXFileReference; fileEncoding = 4; lastKnownFileType = sourcecode.c.objc; path = CoreDataTVC.m; sourceTree = "<group>"; };
		AFB777171979919B009EC7E4 /* MindfulMinutesTVC.h */ = {isa = PBXFileReference; fileEncoding = 4; lastKnownFileType = sourcecode.c.h; path = MindfulMinutesTVC.h; sourceTree = "<group>"; };
		AFB777181979919B009EC7E4 /* MindfulMinutesTVC.m */ = {isa = PBXFileReference; fileEncoding = 4; lastKnownFileType = sourcecode.c.objc; path = MindfulMinutesTVC.m; sourceTree = "<group>"; };
		AFB7771A197995A0009EC7E4 /* Model 4.xcdatamodel */ = {isa = PBXFileReference; lastKnownFileType = wrapper.xcdatamodel; path = "Model 4.xcdatamodel"; sourceTree = "<group>"; };
		AFB7771C19799922009EC7E4 /* UsefulFunctions.h */ = {isa = PBXFileReference; fileEncoding = 4; lastKnownFileType = sourcecode.c.h; path = UsefulFunctions.h; sourceTree = "<group>"; };
		AFB7771D19799922009EC7E4 /* UsefulFunctions.m */ = {isa = PBXFileReference; fileEncoding = 4; lastKnownFileType = sourcecode.c.objc; path = UsefulFunctions.m; sourceTree = "<group>"; };
		AFB777221979A7C0009EC7E4 /* Model 5.xcdatamodel */ = {isa = PBXFileReference; lastKnownFileType = wrapper.xcdatamodel; path = "Model 5.xcdatamodel"; sourceTree = "<group>"; };
		AFB777291979ACF9009EC7E4 /* Model4ToModel5.xcmappingmodel */ = {isa = PBXFileReference; lastKnownFileType = wrapper.xcmappingmodel; path = Model4ToModel5.xcmappingmodel; sourceTree = "<group>"; };
		AFB777501979ED58009EC7E4 /* MindfulMinuteVC.h */ = {isa = PBXFileReference; fileEncoding = 4; lastKnownFileType = sourcecode.c.h; path = MindfulMinuteVC.h; sourceTree = "<group>"; };
		AFB777511979ED58009EC7E4 /* MindfulMinuteVC.m */ = {isa = PBXFileReference; fileEncoding = 4; lastKnownFileType = sourcecode.c.objc; path = MindfulMinuteVC.m; sourceTree = "<group>"; };
		AFB77771197B699E009EC7E4 /* tibetan_bell.mp3 */ = {isa = PBXFileReference; lastKnownFileType = audio.mp3; path = tibetan_bell.mp3; sourceTree = "<group>"; };
		AFB777A3197B6B9D009EC7E4 /* Model 6.xcdatamodel */ = {isa = PBXFileReference; lastKnownFileType = wrapper.xcdatamodel; path = "Model 6.xcdatamodel"; sourceTree = "<group>"; };
		AFB777A4197B6BDD009EC7E4 /* Model5ToModel6.xcmappingmodel */ = {isa = PBXFileReference; lastKnownFileType = wrapper.xcmappingmodel; path = Model5ToModel6.xcmappingmodel; sourceTree = "<group>"; };
/* End PBXFileReference section */

/* Begin PBXFrameworksBuildPhase section */
		AFB77648197895C1009EC7E4 /* Frameworks */ = {
			isa = PBXFrameworksBuildPhase;
			buildActionMask = 2147483647;
			files = (
				AFB77684197895DC009EC7E4 /* CoreData.framework in Frameworks */,
				AFB77651197895C1009EC7E4 /* CoreGraphics.framework in Frameworks */,
				AFB77653197895C1009EC7E4 /* UIKit.framework in Frameworks */,
				AFB7764F197895C1009EC7E4 /* Foundation.framework in Frameworks */,
			);
			runOnlyForDeploymentPostprocessing = 0;
		};
		AFB77669197895C1009EC7E4 /* Frameworks */ = {
			isa = PBXFrameworksBuildPhase;
			buildActionMask = 2147483647;
			files = (
				AFB7766E197895C1009EC7E4 /* XCTest.framework in Frameworks */,
				AFB77670197895C1009EC7E4 /* UIKit.framework in Frameworks */,
				AFB7766F197895C1009EC7E4 /* Foundation.framework in Frameworks */,
			);
			runOnlyForDeploymentPostprocessing = 0;
		};
/* End PBXFrameworksBuildPhase section */

/* Begin PBXGroup section */
		AFB77642197895C1009EC7E4 = {
			isa = PBXGroup;
			children = (
				AFB77654197895C1009EC7E4 /* WorkWell */,
				AFB77673197895C1009EC7E4 /* WorkWellTests */,
				AFB7764D197895C1009EC7E4 /* Frameworks */,
				AFB7764C197895C1009EC7E4 /* Products */,
			);
			sourceTree = "<group>";
		};
		AFB7764C197895C1009EC7E4 /* Products */ = {
			isa = PBXGroup;
			children = (
				AFB7764B197895C1009EC7E4 /* WorkWell.app */,
				AFB7766C197895C1009EC7E4 /* WorkWellTests.xctest */,
			);
			name = Products;
			sourceTree = "<group>";
		};
		AFB7764D197895C1009EC7E4 /* Frameworks */ = {
			isa = PBXGroup;
			children = (
				AFB77683197895DC009EC7E4 /* CoreData.framework */,
				AFB7764E197895C1009EC7E4 /* Foundation.framework */,
				AFB77650197895C1009EC7E4 /* CoreGraphics.framework */,
				AFB77652197895C1009EC7E4 /* UIKit.framework */,
				AFB7766D197895C1009EC7E4 /* XCTest.framework */,
			);
			name = Frameworks;
			sourceTree = "<group>";
		};
		AFB77654197895C1009EC7E4 /* WorkWell */ = {
			isa = PBXGroup;
			children = (
				AFB77770197B6989009EC7E4 /* Media */,
				AFB7774F1979ED0C009EC7E4 /* WorkWell Views */,
				AFB7771B197998F0009EC7E4 /* Helper Functions */,
				AFB7771619799159009EC7E4 /* WorkWell TableViews */,
				AFB776A61978F427009EC7E4 /* Generic Core Data Classes */,
				AFB776A51978F2C1009EC7E4 /* Mapping Models */,
				AFB77685197895EC009EC7E4 /* Data */,
				AFB7765D197895C1009EC7E4 /* AppDelegate.h */,
				AFB7765E197895C1009EC7E4 /* AppDelegate.m */,
				AFB77660197895C1009EC7E4 /* Main.storyboard */,
				AFB77666197895C1009EC7E4 /* Images.xcassets */,
				AFB77655197895C1009EC7E4 /* Supporting Files */,
			);
			path = WorkWell;
			sourceTree = "<group>";
		};
		AFB77655197895C1009EC7E4 /* Supporting Files */ = {
			isa = PBXGroup;
			children = (
				AFB77656197895C1009EC7E4 /* WorkWell-Info.plist */,
				AFB77657197895C1009EC7E4 /* InfoPlist.strings */,
				AFB7765A197895C1009EC7E4 /* main.m */,
				AFB7765C197895C1009EC7E4 /* WorkWell-Prefix.pch */,
			);
			name = "Supporting Files";
			sourceTree = "<group>";
		};
		AFB77673197895C1009EC7E4 /* WorkWellTests */ = {
			isa = PBXGroup;
			children = (
				AFB77679197895C1009EC7E4 /* WorkWellTests.m */,
				AFB77674197895C1009EC7E4 /* Supporting Files */,
			);
			path = WorkWellTests;
			sourceTree = "<group>";
		};
		AFB77674197895C1009EC7E4 /* Supporting Files */ = {
			isa = PBXGroup;
			children = (
				AFB77675197895C1009EC7E4 /* WorkWellTests-Info.plist */,
				AFB77676197895C1009EC7E4 /* InfoPlist.strings */,
			);
			name = "Supporting Files";
			sourceTree = "<group>";
		};
		AFB77685197895EC009EC7E4 /* Data */ = {
			isa = PBXGroup;
			children = (
				AF22CBD219831E85002C2D95 /* GuidedMeditation.h */,
				AF22CBE719831E86002C2D95 /* AudioFile.h */,
				AF22CBE819831E86002C2D95 /* AudioFile.m */,
				AF22CBE419831E86002C2D95 /* Course.h */,
				AF22CBE519831E86002C2D95 /* Course.m */,
				AF22CBE119831E85002C2D95 /* User.h */,
				AF22CBE219831E85002C2D95 /* User.m */,
				AF22CBDE19831E85002C2D95 /* MindfulMinuteInstance.h */,
				AF22CBDF19831E85002C2D95 /* MindfulMinuteInstance.m */,
				AF22CBDB19831E85002C2D95 /* MindfulMinuteTemplate.h */,
				AF22CBDC19831E85002C2D95 /* MindfulMinuteTemplate.m */,
				AF22CBD819831E85002C2D95 /* Location.h */,
				AF22CBD919831E85002C2D95 /* Location.m */,
				AF22CBD519831E85002C2D95 /* PracticeSession.h */,
				AF22CBD619831E85002C2D95 /* PracticeSession.m */,
				AF22CBD319831E85002C2D95 /* GuidedMeditation.m */,
				AFB776861978960D009EC7E4 /* Model.xcdatamodeld */,
			);
			name = Data;
			sourceTree = "<group>";
		};
		AFB776A51978F2C1009EC7E4 /* Mapping Models */ = {
			isa = PBXGroup;
			children = (
				AFB777291979ACF9009EC7E4 /* Model4ToModel5.xcmappingmodel */,
				AFB777A4197B6BDD009EC7E4 /* Model5ToModel6.xcmappingmodel */,
			);
			name = "Mapping Models";
			sourceTree = "<group>";
		};
		AFB776A61978F427009EC7E4 /* Generic Core Data Classes */ = {
			isa = PBXGroup;
			children = (
				AFB7768A1978A7B3009EC7E4 /* CoreDataHelper.h */,
				AFB7768B1978A7B3009EC7E4 /* CoreDataHelper.m */,
				AFB77713197988B4009EC7E4 /* CoreDataTVC.h */,
				AFB77714197988B4009EC7E4 /* CoreDataTVC.m */,
			);
			name = "Generic Core Data Classes";
			sourceTree = "<group>";
		};
		AFB7771619799159009EC7E4 /* WorkWell TableViews */ = {
			isa = PBXGroup;
			children = (
				AFB777171979919B009EC7E4 /* MindfulMinutesTVC.h */,
				AFB777181979919B009EC7E4 /* MindfulMinutesTVC.m */,
			);
			name = "WorkWell TableViews";
			sourceTree = "<group>";
		};
		AFB7771B197998F0009EC7E4 /* Helper Functions */ = {
			isa = PBXGroup;
			children = (
				AFB7771C19799922009EC7E4 /* UsefulFunctions.h */,
				AFB7771D19799922009EC7E4 /* UsefulFunctions.m */,
			);
			name = "Helper Functions";
			sourceTree = "<group>";
		};
		AFB7774F1979ED0C009EC7E4 /* WorkWell Views */ = {
			isa = PBXGroup;
			children = (
				AFB777501979ED58009EC7E4 /* MindfulMinuteVC.h */,
				AFB777511979ED58009EC7E4 /* MindfulMinuteVC.m */,
			);
			name = "WorkWell Views";
			sourceTree = "<group>";
		};
		AFB77770197B6989009EC7E4 /* Media */ = {
			isa = PBXGroup;
			children = (
				AF22CBC519829D77002C2D95 /* beep-ping.wav */,
				AF22CBC619829D77002C2D95 /* zen-temple-bell.wav */,
				AF22CBC719829D77002C2D95 /* doorbell.wav */,
				AF22CBC819829D77002C2D95 /* ting.wav */,
				AF22CBC919829D77002C2D95 /* ship-bell.wav */,
				AF22CBCA19829D77002C2D95 /* gong.wav */,
				AFB77771197B699E009EC7E4 /* tibetan_bell.mp3 */,
			);
			name = Media;
			sourceTree = "<group>";
		};
/* End PBXGroup section */

/* Begin PBXNativeTarget section */
		AFB7764A197895C1009EC7E4 /* WorkWell */ = {
			isa = PBXNativeTarget;
			buildConfigurationList = AFB7767D197895C1009EC7E4 /* Build configuration list for PBXNativeTarget "WorkWell" */;
			buildPhases = (
				AFB77647197895C1009EC7E4 /* Sources */,
				AFB77648197895C1009EC7E4 /* Frameworks */,
				AFB77649197895C1009EC7E4 /* Resources */,
			);
			buildRules = (
			);
			dependencies = (
			);
			name = WorkWell;
			productName = WorkWell;
			productReference = AFB7764B197895C1009EC7E4 /* WorkWell.app */;
			productType = "com.apple.product-type.application";
		};
		AFB7766B197895C1009EC7E4 /* WorkWellTests */ = {
			isa = PBXNativeTarget;
			buildConfigurationList = AFB77680197895C1009EC7E4 /* Build configuration list for PBXNativeTarget "WorkWellTests" */;
			buildPhases = (
				AFB77668197895C1009EC7E4 /* Sources */,
				AFB77669197895C1009EC7E4 /* Frameworks */,
				AFB7766A197895C1009EC7E4 /* Resources */,
			);
			buildRules = (
			);
			dependencies = (
				AFB77672197895C1009EC7E4 /* PBXTargetDependency */,
			);
			name = WorkWellTests;
			productName = WorkWellTests;
			productReference = AFB7766C197895C1009EC7E4 /* WorkWellTests.xctest */;
			productType = "com.apple.product-type.bundle.unit-test";
		};
/* End PBXNativeTarget section */

/* Begin PBXProject section */
		AFB77643197895C1009EC7E4 /* Project object */ = {
			isa = PBXProject;
			attributes = {
				LastUpgradeCheck = 0510;
				ORGANIZATIONNAME = "Aaron Wells";
				TargetAttributes = {
					AFB7766B197895C1009EC7E4 = {
						TestTargetID = AFB7764A197895C1009EC7E4;
					};
				};
			};
			buildConfigurationList = AFB77646197895C1009EC7E4 /* Build configuration list for PBXProject "WorkWell" */;
			compatibilityVersion = "Xcode 3.2";
			developmentRegion = English;
			hasScannedForEncodings = 0;
			knownRegions = (
				en,
				Base,
			);
			mainGroup = AFB77642197895C1009EC7E4;
			productRefGroup = AFB7764C197895C1009EC7E4 /* Products */;
			projectDirPath = "";
			projectRoot = "";
			targets = (
				AFB7764A197895C1009EC7E4 /* WorkWell */,
				AFB7766B197895C1009EC7E4 /* WorkWellTests */,
			);
		};
/* End PBXProject section */

/* Begin PBXResourcesBuildPhase section */
		AFB77649197895C1009EC7E4 /* Resources */ = {
			isa = PBXResourcesBuildPhase;
			buildActionMask = 2147483647;
			files = (
				AFB77667197895C1009EC7E4 /* Images.xcassets in Resources */,
				AF22CBCF19829D77002C2D95 /* ship-bell.wav in Resources */,
				AFB77659197895C1009EC7E4 /* InfoPlist.strings in Resources */,
				AF22CBCC19829D77002C2D95 /* zen-temple-bell.wav in Resources */,
				AF22CBCD19829D77002C2D95 /* doorbell.wav in Resources */,
				AF22CBD019829D77002C2D95 /* gong.wav in Resources */,
				AFB77662197895C1009EC7E4 /* Main.storyboard in Resources */,
				AFB77772197B699E009EC7E4 /* tibetan_bell.mp3 in Resources */,
				AF22CBCE19829D77002C2D95 /* ting.wav in Resources */,
				AF22CBCB19829D77002C2D95 /* beep-ping.wav in Resources */,
			);
			runOnlyForDeploymentPostprocessing = 0;
		};
		AFB7766A197895C1009EC7E4 /* Resources */ = {
			isa = PBXResourcesBuildPhase;
			buildActionMask = 2147483647;
			files = (
				AFB77678197895C1009EC7E4 /* InfoPlist.strings in Resources */,
			);
			runOnlyForDeploymentPostprocessing = 0;
		};
/* End PBXResourcesBuildPhase section */

/* Begin PBXSourcesBuildPhase section */
		AFB77647197895C1009EC7E4 /* Sources */ = {
			isa = PBXSourcesBuildPhase;
			buildActionMask = 2147483647;
			files = (
				AFB777A5197B6BDD009EC7E4 /* Model5ToModel6.xcmappingmodel in Sources */,
				AF22CBE319831E85002C2D95 /* User.m in Sources */,
				AFB7772A1979ACF9009EC7E4 /* Model4ToModel5.xcmappingmodel in Sources */,
				AF22CBE619831E86002C2D95 /* Course.m in Sources */,
				AF22CBDA19831E85002C2D95 /* Location.m in Sources */,
				AFB777191979919B009EC7E4 /* MindfulMinutesTVC.m in Sources */,
				AF22CBE919831E86002C2D95 /* AudioFile.m in Sources */,
				AF22CBE019831E85002C2D95 /* MindfulMinuteInstance.m in Sources */,
				AF22CBD719831E85002C2D95 /* PracticeSession.m in Sources */,
				AFB7771E19799922009EC7E4 /* UsefulFunctions.m in Sources */,
				AFB77715197988B4009EC7E4 /* CoreDataTVC.m in Sources */,
				AF22CBDD19831E85002C2D95 /* MindfulMinuteTemplate.m in Sources */,
				AFB7765F197895C1009EC7E4 /* AppDelegate.m in Sources */,
				AFB7765B197895C1009EC7E4 /* main.m in Sources */,
				AF22CBD419831E85002C2D95 /* GuidedMeditation.m in Sources */,
				AFB7768C1978A7B3009EC7E4 /* CoreDataHelper.m in Sources */,
				AFB776881978960D009EC7E4 /* Model.xcdatamodeld in Sources */,
				AFB777521979ED58009EC7E4 /* MindfulMinuteVC.m in Sources */,
			);
			runOnlyForDeploymentPostprocessing = 0;
		};
		AFB77668197895C1009EC7E4 /* Sources */ = {
			isa = PBXSourcesBuildPhase;
			buildActionMask = 2147483647;
			files = (
				AFB7767A197895C1009EC7E4 /* WorkWellTests.m in Sources */,
			);
			runOnlyForDeploymentPostprocessing = 0;
		};
/* End PBXSourcesBuildPhase section */

/* Begin PBXTargetDependency section */
		AFB77672197895C1009EC7E4 /* PBXTargetDependency */ = {
			isa = PBXTargetDependency;
			target = AFB7764A197895C1009EC7E4 /* WorkWell */;
			targetProxy = AFB77671197895C1009EC7E4 /* PBXContainerItemProxy */;
		};
/* End PBXTargetDependency section */

/* Begin PBXVariantGroup section */
		AFB77657197895C1009EC7E4 /* InfoPlist.strings */ = {
			isa = PBXVariantGroup;
			children = (
				AFB77658197895C1009EC7E4 /* en */,
			);
			name = InfoPlist.strings;
			sourceTree = "<group>";
		};
		AFB77660197895C1009EC7E4 /* Main.storyboard */ = {
			isa = PBXVariantGroup;
			children = (
				AFB77661197895C1009EC7E4 /* Base */,
			);
			name = Main.storyboard;
			sourceTree = "<group>";
		};
		AFB77676197895C1009EC7E4 /* InfoPlist.strings */ = {
			isa = PBXVariantGroup;
			children = (
				AFB77677197895C1009EC7E4 /* en */,
			);
			name = InfoPlist.strings;
			sourceTree = "<group>";
		};
/* End PBXVariantGroup section */

/* Begin XCBuildConfiguration section */
		AFB7767B197895C1009EC7E4 /* Debug */ = {
			isa = XCBuildConfiguration;
			buildSettings = {
				ALWAYS_SEARCH_USER_PATHS = NO;
				CLANG_CXX_LANGUAGE_STANDARD = "gnu++0x";
				CLANG_CXX_LIBRARY = "libc++";
				CLANG_ENABLE_MODULES = YES;
				CLANG_ENABLE_OBJC_ARC = YES;
				CLANG_WARN_BOOL_CONVERSION = YES;
				CLANG_WARN_CONSTANT_CONVERSION = YES;
				CLANG_WARN_DIRECT_OBJC_ISA_USAGE = YES_ERROR;
				CLANG_WARN_EMPTY_BODY = YES;
				CLANG_WARN_ENUM_CONVERSION = YES;
				CLANG_WARN_INT_CONVERSION = YES;
				CLANG_WARN_OBJC_ROOT_CLASS = YES_ERROR;
				CLANG_WARN__DUPLICATE_METHOD_MATCH = YES;
				"CODE_SIGN_IDENTITY[sdk=iphoneos*]" = "iPhone Developer";
				COPY_PHASE_STRIP = NO;
				GCC_C_LANGUAGE_STANDARD = gnu99;
				GCC_DYNAMIC_NO_PIC = NO;
				GCC_OPTIMIZATION_LEVEL = 0;
				GCC_PREPROCESSOR_DEFINITIONS = (
					"DEBUG=1",
					"$(inherited)",
				);
				GCC_SYMBOLS_PRIVATE_EXTERN = NO;
				GCC_WARN_64_TO_32_BIT_CONVERSION = YES;
				GCC_WARN_ABOUT_RETURN_TYPE = YES_ERROR;
				GCC_WARN_UNDECLARED_SELECTOR = YES;
				GCC_WARN_UNINITIALIZED_AUTOS = YES_AGGRESSIVE;
				GCC_WARN_UNUSED_FUNCTION = YES;
				GCC_WARN_UNUSED_VARIABLE = YES;
				IPHONEOS_DEPLOYMENT_TARGET = 7.1;
				ONLY_ACTIVE_ARCH = YES;
				SDKROOT = iphoneos;
			};
			name = Debug;
		};
		AFB7767C197895C1009EC7E4 /* Release */ = {
			isa = XCBuildConfiguration;
			buildSettings = {
				ALWAYS_SEARCH_USER_PATHS = NO;
				CLANG_CXX_LANGUAGE_STANDARD = "gnu++0x";
				CLANG_CXX_LIBRARY = "libc++";
				CLANG_ENABLE_MODULES = YES;
				CLANG_ENABLE_OBJC_ARC = YES;
				CLANG_WARN_BOOL_CONVERSION = YES;
				CLANG_WARN_CONSTANT_CONVERSION = YES;
				CLANG_WARN_DIRECT_OBJC_ISA_USAGE = YES_ERROR;
				CLANG_WARN_EMPTY_BODY = YES;
				CLANG_WARN_ENUM_CONVERSION = YES;
				CLANG_WARN_INT_CONVERSION = YES;
				CLANG_WARN_OBJC_ROOT_CLASS = YES_ERROR;
				CLANG_WARN__DUPLICATE_METHOD_MATCH = YES;
				"CODE_SIGN_IDENTITY[sdk=iphoneos*]" = "iPhone Developer";
				COPY_PHASE_STRIP = YES;
				ENABLE_NS_ASSERTIONS = NO;
				GCC_C_LANGUAGE_STANDARD = gnu99;
				GCC_WARN_64_TO_32_BIT_CONVERSION = YES;
				GCC_WARN_ABOUT_RETURN_TYPE = YES_ERROR;
				GCC_WARN_UNDECLARED_SELECTOR = YES;
				GCC_WARN_UNINITIALIZED_AUTOS = YES_AGGRESSIVE;
				GCC_WARN_UNUSED_FUNCTION = YES;
				GCC_WARN_UNUSED_VARIABLE = YES;
				IPHONEOS_DEPLOYMENT_TARGET = 7.1;
				SDKROOT = iphoneos;
				VALIDATE_PRODUCT = YES;
			};
			name = Release;
		};
		AFB7767E197895C1009EC7E4 /* Debug */ = {
			isa = XCBuildConfiguration;
			buildSettings = {
				ASSETCATALOG_COMPILER_APPICON_NAME = AppIcon;
				ASSETCATALOG_COMPILER_LAUNCHIMAGE_NAME = LaunchImage;
				GCC_PRECOMPILE_PREFIX_HEADER = YES;
				GCC_PREFIX_HEADER = "WorkWell/WorkWell-Prefix.pch";
				INFOPLIST_FILE = "WorkWell/WorkWell-Info.plist";
				PRODUCT_NAME = "$(TARGET_NAME)";
				WRAPPER_EXTENSION = app;
			};
			name = Debug;
		};
		AFB7767F197895C1009EC7E4 /* Release */ = {
			isa = XCBuildConfiguration;
			buildSettings = {
				ASSETCATALOG_COMPILER_APPICON_NAME = AppIcon;
				ASSETCATALOG_COMPILER_LAUNCHIMAGE_NAME = LaunchImage;
				GCC_PRECOMPILE_PREFIX_HEADER = YES;
				GCC_PREFIX_HEADER = "WorkWell/WorkWell-Prefix.pch";
				INFOPLIST_FILE = "WorkWell/WorkWell-Info.plist";
				PRODUCT_NAME = "$(TARGET_NAME)";
				WRAPPER_EXTENSION = app;
			};
			name = Release;
		};
		AFB77681197895C1009EC7E4 /* Debug */ = {
			isa = XCBuildConfiguration;
			buildSettings = {
				BUNDLE_LOADER = "$(BUILT_PRODUCTS_DIR)/WorkWell.app/WorkWell";
				FRAMEWORK_SEARCH_PATHS = (
					"$(SDKROOT)/Developer/Library/Frameworks",
					"$(inherited)",
					"$(DEVELOPER_FRAMEWORKS_DIR)",
				);
				GCC_PRECOMPILE_PREFIX_HEADER = YES;
				GCC_PREFIX_HEADER = "WorkWell/WorkWell-Prefix.pch";
				GCC_PREPROCESSOR_DEFINITIONS = (
					"DEBUG=1",
					"$(inherited)",
				);
				INFOPLIST_FILE = "WorkWellTests/WorkWellTests-Info.plist";
				PRODUCT_NAME = "$(TARGET_NAME)";
				TEST_HOST = "$(BUNDLE_LOADER)";
				WRAPPER_EXTENSION = xctest;
			};
			name = Debug;
		};
		AFB77682197895C1009EC7E4 /* Release */ = {
			isa = XCBuildConfiguration;
			buildSettings = {
				BUNDLE_LOADER = "$(BUILT_PRODUCTS_DIR)/WorkWell.app/WorkWell";
				FRAMEWORK_SEARCH_PATHS = (
					"$(SDKROOT)/Developer/Library/Frameworks",
					"$(inherited)",
					"$(DEVELOPER_FRAMEWORKS_DIR)",
				);
				GCC_PRECOMPILE_PREFIX_HEADER = YES;
				GCC_PREFIX_HEADER = "WorkWell/WorkWell-Prefix.pch";
				INFOPLIST_FILE = "WorkWellTests/WorkWellTests-Info.plist";
				PRODUCT_NAME = "$(TARGET_NAME)";
				TEST_HOST = "$(BUNDLE_LOADER)";
				WRAPPER_EXTENSION = xctest;
			};
			name = Release;
		};
/* End XCBuildConfiguration section */

/* Begin XCConfigurationList section */
		AFB77646197895C1009EC7E4 /* Build configuration list for PBXProject "WorkWell" */ = {
			isa = XCConfigurationList;
			buildConfigurations = (
				AFB7767B197895C1009EC7E4 /* Debug */,
				AFB7767C197895C1009EC7E4 /* Release */,
			);
			defaultConfigurationIsVisible = 0;
			defaultConfigurationName = Release;
		};
		AFB7767D197895C1009EC7E4 /* Build configuration list for PBXNativeTarget "WorkWell" */ = {
			isa = XCConfigurationList;
			buildConfigurations = (
				AFB7767E197895C1009EC7E4 /* Debug */,
				AFB7767F197895C1009EC7E4 /* Release */,
			);
			defaultConfigurationIsVisible = 0;
			defaultConfigurationName = Release;
		};
		AFB77680197895C1009EC7E4 /* Build configuration list for PBXNativeTarget "WorkWellTests" */ = {
			isa = XCConfigurationList;
			buildConfigurations = (
				AFB77681197895C1009EC7E4 /* Debug */,
				AFB77682197895C1009EC7E4 /* Release */,
			);
			defaultConfigurationIsVisible = 0;
			defaultConfigurationName = Release;
		};
/* End XCConfigurationList section */

/* Begin XCVersionGroup section */
		AFB776861978960D009EC7E4 /* Model.xcdatamodeld */ = {
			isa = XCVersionGroup;
			children = (
				AF22CBD119831CE7002C2D95 /* Model 7.xcdatamodel */,
				AFB777A3197B6B9D009EC7E4 /* Model 6.xcdatamodel */,
				AFB777221979A7C0009EC7E4 /* Model 5.xcdatamodel */,
				AFB776BC19796A77009EC7E4 /* Model 3.xcdatamodel */,
				AFB7771A197995A0009EC7E4 /* Model 4.xcdatamodel */,
				AFB776A21978EF0C009EC7E4 /* Model 2.xcdatamodel */,
				AFB776871978960D009EC7E4 /* Model.xcdatamodel */,
			);
			currentVersion = AF22CBD119831CE7002C2D95 /* Model 7.xcdatamodel */;
			path = Model.xcdatamodeld;
			sourceTree = "<group>";
			versionGroupType = wrapper.xcdatamodel;
		};
/* End XCVersionGroup section */
	};
	rootObject = AFB77643197895C1009EC7E4 /* Project object */;
}
